
Microsoft Visual Studio Solution File, Format Version 12.00
# Visual Studio Version 17
VisualStudioVersion = 17.6.33829.357
MinimumVisualStudioVersion = 10.0.40219.1
Project("{FAE04EC0-301F-11D3-BF4B-00C04F79EFBC}") = "ControleDeMaterial", "ControleDeMaterial.csproj", "{C0BC69B2-810B-4735-92D5-CB76F3514C23}"
EndProject
Global
	GlobalSection(SolutionConfigurationPlatforms) = preSolution
		Debug|Any CPU = Debug|Any CPU
		Release|Any CPU = Release|Any CPU
	EndGlobalSection
	GlobalSection(ProjectConfigurationPlatforms) = postSolution
		{C0BC69B2-810B-4735-92D5-CB76F3514C23}.Debug|Any CPU.ActiveCfg = Debug|Any CPU
		{C0BC69B2-810B-4735-92D5-CB76F3514C23}.Debug|Any CPU.Build.0 = Debug|Any CPU
		{C0BC69B2-810B-4735-92D5-CB76F3514C23}.Release|Any CPU.ActiveCfg = Release|Any CPU
		{C0BC69B2-810B-4735-92D5-CB76F3514C23}.Release|Any CPU.Build.0 = Release|Any CPU
	EndGlobalSection
	GlobalSection(SolutionProperties) = preSolution
		HideSolutionNode = FALSE
	EndGlobalSection
	GlobalSection(ExtensibilityGlobals) = postSolution
		SolutionGuid = {D1233DC5-A04E-468D-9835-B99A3C0641AB}
	EndGlobalSection
EndGlobal
